
Microsoft Visual Studio Solution File, Format Version 12.00
# Visual Studio Version 16
VisualStudioVersion = 16.0.30011.22
MinimumVisualStudioVersion = 10.0.40219.1
Project("{FAE04EC0-301F-11D3-BF4B-00C04F79EFBC}") = "GD_STD", "GD_STF\GD_STD.csproj", "{3EFFA436-F171-45E9-B999-50690A7E2A2B}"
EndProject
Project("{FAE04EC0-301F-11D3-BF4B-00C04F79EFBC}") = "STD_105", "STD_105\STD_105.csproj", "{97D1ED9B-3A06-4556-BFE2-99F002C16E4B}"
	ProjectSection(ProjectDependencies) = postProject
		{3E7AA2C5-871D-4C77-A798-85CDF57A96BC} = {3E7AA2C5-871D-4C77-A798-85CDF57A96BC}
	EndProjectSection
EndProject
Project("{FAE04EC0-301F-11D3-BF4B-00C04F79EFBC}") = "WPFSTD105", "WPFSTD105Base\WPFSTD105.csproj", "{993757F9-1671-4583-ACF6-10E02A50FD51}"
	ProjectSection(ProjectDependencies) = postProject
		{3E7AA2C5-871D-4C77-A798-85CDF57A96BC} = {3E7AA2C5-871D-4C77-A798-85CDF57A96BC}
	EndProjectSection
EndProject
Project("{FAE04EC0-301F-11D3-BF4B-00C04F79EFBC}") = "WPFWindowsBase", "WPFWindowsBase\WPFWindowsBase.csproj", "{F7706C9A-000F-4E0D-BA49-D73211329274}"
EndProject
Project("{FAE04EC0-301F-11D3-BF4B-00C04F79EFBC}") = "Profile", "Profile\Profile.csproj", "{14CB19F9-6BE8-4820-B9AA-FF0ED84EEE5B}"
EndProject
Project("{FAE04EC0-301F-11D3-BF4B-00C04F79EFBC}") = "CodesysIIS", "CodesysIIS\CodesysIIS.csproj", "{3E7AA2C5-871D-4C77-A798-85CDF57A96BC}"
EndProject
Project("{FAE04EC0-301F-11D3-BF4B-00C04F79EFBC}") = "Wsdl", "Wsdl\Wsdl.csproj", "{BB03E7CB-69D9-48D1-81CA-831A5A8E1F73}"
EndProject
Project("{FAE04EC0-301F-11D3-BF4B-00C04F79EFBC}") = "Language", "Language\Language.csproj", "{BECED94D-F041-4C52-8300-C2FFF1FB896B}"
EndProject
Project("{FAE04EC0-301F-11D3-BF4B-00C04F79EFBC}") = "STDTOMS", "STDTOMS\STDTOMS.csproj", "{07AA4E3F-5C05-4CD3-B03C-179FA2C9779F}"
EndProject
Project("{FAE04EC0-301F-11D3-BF4B-00C04F79EFBC}") = "Test", "Test\Test.csproj", "{D73553AB-1705-4559-B81B-058AB709EECC}"
EndProject
Project("{FAE04EC0-301F-11D3-BF4B-00C04F79EFBC}") = "TestMS", "TestMS\TestMS.csproj", "{FE261C28-5ADA-4A9E-B982-F50A77ECEDC0}"
	ProjectSection(ProjectDependencies) = postProject
		{3E7AA2C5-871D-4C77-A798-85CDF57A96BC} = {3E7AA2C5-871D-4C77-A798-85CDF57A96BC}
	EndProjectSection
EndProject
Project("{2150E333-8FDC-42A3-9474-1A3956D46DE8}") = "Solution Items", "Solution Items", "{A5E8060B-D837-4822-A124-0BAF135E8516}"
	ProjectSection(SolutionItems) = preProject
		.editorconfig = .editorconfig
	EndProjectSection
EndProject
Project("{7CF6DF6D-3B04-46F8-A40B-537D21BCA0B4}") = "STD_DescriptionFile", "STD_DescriptionFile\STD_DescriptionFile.shfbproj", "{E8240CBB-C6A9-4EDB-9F46-BB84E072C923}"
EndProject
Project("{FAE04EC0-301F-11D3-BF4B-00C04F79EFBC}") = "StringToPathGeometry", "StringToPathGeometry\StringToPathGeometry.csproj", "{066EAC65-611B-47F0-B4F8-87D71C9D95AD}"
EndProject
Project("{FAE04EC0-301F-11D3-BF4B-00C04F79EFBC}") = "ConsoleApp3", "ConsoleApp3\ConsoleApp3.csproj", "{A59261DA-2151-42CA-BA6A-9919D1801DBB}"
EndProject
Project("{FAE04EC0-301F-11D3-BF4B-00C04F79EFBC}") = "GD_STD.Phone", "PhoneLibrary\GD_STD.Phone.csproj", "{D9966631-507A-4E80-8306-827892055C02}"
EndProject
Project("{FAE04EC0-301F-11D3-BF4B-00C04F79EFBC}") = "GD_STD.Base", "GD_STD.IBase\GD_STD.Base.csproj", "{04DE5146-0A39-444F-8746-239D36AC5A7E}"
EndProject
Project("{FAE04EC0-301F-11D3-BF4B-00C04F79EFBC}") = "GD_STD.Enum", "GD_STD.Enum\GD_STD.Enum.csproj", "{9DFD02BD-8E10-4518-8C06-D8A369183F14}"
EndProject
Project("{2150E333-8FDC-42A3-9474-1A3956D46DE8}") = "TestFolder", "TestFolder", "{AA8D977D-8F8B-4563-A3D6-3F3837C61949}"
EndProject
Project("{FAE04EC0-301F-11D3-BF4B-00C04F79EFBC}") = "寫程式邏輯測試", "寫程式邏輯測試\寫程式邏輯測試.csproj", "{D8D5CC6B-6E55-4327-B32C-5A9AF37633DC}"
EndProject
Project("{9A19103F-16F7-4668-BE54-9A1E7A4F7556}") = "測試GD_STD_Phone專案", "測試GD_STD_Phone專案\測試GD_STD_Phone專案.csproj", "{64E924D1-1E1F-456E-9FE2-A63C91DB0B6C}"
EndProject
Project("{9A19103F-16F7-4668-BE54-9A1E7A4F7556}") = "測試保護鎖", "測試保護鎖\測試保護鎖.csproj", "{6C139F5E-D0D4-48E2-9B6E-DBC7D9BEDD2B}"
EndProject
Project("{FAE04EC0-301F-11D3-BF4B-00C04F79EFBC}") = "測試CodesysIIS", "測試CodesysIIS\測試CodesysIIS.csproj", "{3617C700-ED69-4040-9E7D-5D94CDB3FDE9}"
EndProject
Global
	GlobalSection(SolutionConfigurationPlatforms) = preSolution
		Debug|Any CPU = Debug|Any CPU
		Release|Any CPU = Release|Any CPU
	EndGlobalSection
	GlobalSection(ProjectConfigurationPlatforms) = postSolution
		{3EFFA436-F171-45E9-B999-50690A7E2A2B}.Debug|Any CPU.ActiveCfg = Debug|Any CPU
		{3EFFA436-F171-45E9-B999-50690A7E2A2B}.Debug|Any CPU.Build.0 = Debug|Any CPU
		{3EFFA436-F171-45E9-B999-50690A7E2A2B}.Release|Any CPU.ActiveCfg = Release|Any CPU
		{3EFFA436-F171-45E9-B999-50690A7E2A2B}.Release|Any CPU.Build.0 = Release|Any CPU
		{97D1ED9B-3A06-4556-BFE2-99F002C16E4B}.Debug|Any CPU.ActiveCfg = Debug|Any CPU
		{97D1ED9B-3A06-4556-BFE2-99F002C16E4B}.Debug|Any CPU.Build.0 = Debug|Any CPU
		{97D1ED9B-3A06-4556-BFE2-99F002C16E4B}.Release|Any CPU.ActiveCfg = Release|Any CPU
		{97D1ED9B-3A06-4556-BFE2-99F002C16E4B}.Release|Any CPU.Build.0 = Release|Any CPU
		{993757F9-1671-4583-ACF6-10E02A50FD51}.Debug|Any CPU.ActiveCfg = Debug|Any CPU
		{993757F9-1671-4583-ACF6-10E02A50FD51}.Debug|Any CPU.Build.0 = Debug|Any CPU
		{993757F9-1671-4583-ACF6-10E02A50FD51}.Release|Any CPU.ActiveCfg = Release|Any CPU
		{993757F9-1671-4583-ACF6-10E02A50FD51}.Release|Any CPU.Build.0 = Release|Any CPU
		{F7706C9A-000F-4E0D-BA49-D73211329274}.Debug|Any CPU.ActiveCfg = Debug|Any CPU
		{F7706C9A-000F-4E0D-BA49-D73211329274}.Debug|Any CPU.Build.0 = Debug|Any CPU
		{F7706C9A-000F-4E0D-BA49-D73211329274}.Release|Any CPU.ActiveCfg = Release|Any CPU
		{F7706C9A-000F-4E0D-BA49-D73211329274}.Release|Any CPU.Build.0 = Release|Any CPU
		{14CB19F9-6BE8-4820-B9AA-FF0ED84EEE5B}.Debug|Any CPU.ActiveCfg = Debug|Any CPU
		{14CB19F9-6BE8-4820-B9AA-FF0ED84EEE5B}.Debug|Any CPU.Build.0 = Debug|Any CPU
		{14CB19F9-6BE8-4820-B9AA-FF0ED84EEE5B}.Release|Any CPU.ActiveCfg = Release|Any CPU
		{14CB19F9-6BE8-4820-B9AA-FF0ED84EEE5B}.Release|Any CPU.Build.0 = Release|Any CPU
		{3E7AA2C5-871D-4C77-A798-85CDF57A96BC}.Debug|Any CPU.ActiveCfg = Debug|Any CPU
		{3E7AA2C5-871D-4C77-A798-85CDF57A96BC}.Debug|Any CPU.Build.0 = Debug|Any CPU
		{3E7AA2C5-871D-4C77-A798-85CDF57A96BC}.Release|Any CPU.ActiveCfg = Release|Any CPU
		{3E7AA2C5-871D-4C77-A798-85CDF57A96BC}.Release|Any CPU.Build.0 = Release|Any CPU
		{BB03E7CB-69D9-48D1-81CA-831A5A8E1F73}.Debug|Any CPU.ActiveCfg = Debug|Any CPU
		{BB03E7CB-69D9-48D1-81CA-831A5A8E1F73}.Debug|Any CPU.Build.0 = Debug|Any CPU
		{BB03E7CB-69D9-48D1-81CA-831A5A8E1F73}.Release|Any CPU.ActiveCfg = Release|Any CPU
		{BB03E7CB-69D9-48D1-81CA-831A5A8E1F73}.Release|Any CPU.Build.0 = Release|Any CPU
		{BECED94D-F041-4C52-8300-C2FFF1FB896B}.Debug|Any CPU.ActiveCfg = Debug|Any CPU
		{BECED94D-F041-4C52-8300-C2FFF1FB896B}.Debug|Any CPU.Build.0 = Debug|Any CPU
		{BECED94D-F041-4C52-8300-C2FFF1FB896B}.Release|Any CPU.ActiveCfg = Release|Any CPU
		{BECED94D-F041-4C52-8300-C2FFF1FB896B}.Release|Any CPU.Build.0 = Release|Any CPU
		{07AA4E3F-5C05-4CD3-B03C-179FA2C9779F}.Debug|Any CPU.ActiveCfg = Debug|Any CPU
		{07AA4E3F-5C05-4CD3-B03C-179FA2C9779F}.Debug|Any CPU.Build.0 = Debug|Any CPU
		{07AA4E3F-5C05-4CD3-B03C-179FA2C9779F}.Release|Any CPU.ActiveCfg = Release|Any CPU
		{07AA4E3F-5C05-4CD3-B03C-179FA2C9779F}.Release|Any CPU.Build.0 = Release|Any CPU
		{D73553AB-1705-4559-B81B-058AB709EECC}.Debug|Any CPU.ActiveCfg = Debug|Any CPU
		{D73553AB-1705-4559-B81B-058AB709EECC}.Debug|Any CPU.Build.0 = Debug|Any CPU
		{D73553AB-1705-4559-B81B-058AB709EECC}.Release|Any CPU.ActiveCfg = Release|Any CPU
		{D73553AB-1705-4559-B81B-058AB709EECC}.Release|Any CPU.Build.0 = Release|Any CPU
		{FE261C28-5ADA-4A9E-B982-F50A77ECEDC0}.Debug|Any CPU.ActiveCfg = Debug|Any CPU
		{FE261C28-5ADA-4A9E-B982-F50A77ECEDC0}.Debug|Any CPU.Build.0 = Debug|Any CPU
		{FE261C28-5ADA-4A9E-B982-F50A77ECEDC0}.Release|Any CPU.ActiveCfg = Release|Any CPU
		{FE261C28-5ADA-4A9E-B982-F50A77ECEDC0}.Release|Any CPU.Build.0 = Release|Any CPU
		{E8240CBB-C6A9-4EDB-9F46-BB84E072C923}.Debug|Any CPU.ActiveCfg = Debug|Any CPU
		{E8240CBB-C6A9-4EDB-9F46-BB84E072C923}.Debug|Any CPU.Build.0 = Debug|Any CPU
		{E8240CBB-C6A9-4EDB-9F46-BB84E072C923}.Release|Any CPU.ActiveCfg = Release|Any CPU
		{E8240CBB-C6A9-4EDB-9F46-BB84E072C923}.Release|Any CPU.Build.0 = Release|Any CPU
		{066EAC65-611B-47F0-B4F8-87D71C9D95AD}.Debug|Any CPU.ActiveCfg = Debug|Any CPU
		{066EAC65-611B-47F0-B4F8-87D71C9D95AD}.Debug|Any CPU.Build.0 = Debug|Any CPU
		{066EAC65-611B-47F0-B4F8-87D71C9D95AD}.Release|Any CPU.ActiveCfg = Release|Any CPU
		{066EAC65-611B-47F0-B4F8-87D71C9D95AD}.Release|Any CPU.Build.0 = Release|Any CPU
		{A59261DA-2151-42CA-BA6A-9919D1801DBB}.Debug|Any CPU.ActiveCfg = Debug|Any CPU
		{A59261DA-2151-42CA-BA6A-9919D1801DBB}.Debug|Any CPU.Build.0 = Debug|Any CPU
		{A59261DA-2151-42CA-BA6A-9919D1801DBB}.Release|Any CPU.ActiveCfg = Release|Any CPU
		{A59261DA-2151-42CA-BA6A-9919D1801DBB}.Release|Any CPU.Build.0 = Release|Any CPU
		{D9966631-507A-4E80-8306-827892055C02}.Debug|Any CPU.ActiveCfg = Debug|Any CPU
		{D9966631-507A-4E80-8306-827892055C02}.Debug|Any CPU.Build.0 = Debug|Any CPU
		{D9966631-507A-4E80-8306-827892055C02}.Release|Any CPU.ActiveCfg = Release|Any CPU
		{D9966631-507A-4E80-8306-827892055C02}.Release|Any CPU.Build.0 = Release|Any CPU
		{04DE5146-0A39-444F-8746-239D36AC5A7E}.Debug|Any CPU.ActiveCfg = Debug|Any CPU
		{04DE5146-0A39-444F-8746-239D36AC5A7E}.Debug|Any CPU.Build.0 = Debug|Any CPU
		{04DE5146-0A39-444F-8746-239D36AC5A7E}.Release|Any CPU.ActiveCfg = Release|Any CPU
		{04DE5146-0A39-444F-8746-239D36AC5A7E}.Release|Any CPU.Build.0 = Release|Any CPU
		{9DFD02BD-8E10-4518-8C06-D8A369183F14}.Debug|Any CPU.ActiveCfg = Debug|Any CPU
		{9DFD02BD-8E10-4518-8C06-D8A369183F14}.Debug|Any CPU.Build.0 = Debug|Any CPU
		{9DFD02BD-8E10-4518-8C06-D8A369183F14}.Release|Any CPU.ActiveCfg = Release|Any CPU
		{9DFD02BD-8E10-4518-8C06-D8A369183F14}.Release|Any CPU.Build.0 = Release|Any CPU
		{D8D5CC6B-6E55-4327-B32C-5A9AF37633DC}.Debug|Any CPU.ActiveCfg = Debug|Any CPU
		{D8D5CC6B-6E55-4327-B32C-5A9AF37633DC}.Debug|Any CPU.Build.0 = Debug|Any CPU
		{D8D5CC6B-6E55-4327-B32C-5A9AF37633DC}.Release|Any CPU.ActiveCfg = Release|Any CPU
		{D8D5CC6B-6E55-4327-B32C-5A9AF37633DC}.Release|Any CPU.Build.0 = Release|Any CPU
		{64E924D1-1E1F-456E-9FE2-A63C91DB0B6C}.Debug|Any CPU.ActiveCfg = Debug|Any CPU
		{64E924D1-1E1F-456E-9FE2-A63C91DB0B6C}.Debug|Any CPU.Build.0 = Debug|Any CPU
		{64E924D1-1E1F-456E-9FE2-A63C91DB0B6C}.Release|Any CPU.ActiveCfg = Release|Any CPU
		{64E924D1-1E1F-456E-9FE2-A63C91DB0B6C}.Release|Any CPU.Build.0 = Release|Any CPU
		{6C139F5E-D0D4-48E2-9B6E-DBC7D9BEDD2B}.Debug|Any CPU.ActiveCfg = Debug|Any CPU
		{6C139F5E-D0D4-48E2-9B6E-DBC7D9BEDD2B}.Debug|Any CPU.Build.0 = Debug|Any CPU
		{6C139F5E-D0D4-48E2-9B6E-DBC7D9BEDD2B}.Release|Any CPU.ActiveCfg = Release|Any CPU
		{6C139F5E-D0D4-48E2-9B6E-DBC7D9BEDD2B}.Release|Any CPU.Build.0 = Release|Any CPU
		{3617C700-ED69-4040-9E7D-5D94CDB3FDE9}.Debug|Any CPU.ActiveCfg = Debug|Any CPU
		{3617C700-ED69-4040-9E7D-5D94CDB3FDE9}.Debug|Any CPU.Build.0 = Debug|Any CPU
		{3617C700-ED69-4040-9E7D-5D94CDB3FDE9}.Release|Any CPU.ActiveCfg = Release|Any CPU
		{3617C700-ED69-4040-9E7D-5D94CDB3FDE9}.Release|Any CPU.Build.0 = Release|Any CPU
	EndGlobalSection
	GlobalSection(SolutionProperties) = preSolution
		HideSolutionNode = FALSE
	EndGlobalSection
	GlobalSection(NestedProjects) = preSolution
		{D73553AB-1705-4559-B81B-058AB709EECC} = {AA8D977D-8F8B-4563-A3D6-3F3837C61949}
		{FE261C28-5ADA-4A9E-B982-F50A77ECEDC0} = {AA8D977D-8F8B-4563-A3D6-3F3837C61949}
		{A59261DA-2151-42CA-BA6A-9919D1801DBB} = {AA8D977D-8F8B-4563-A3D6-3F3837C61949}
		{D8D5CC6B-6E55-4327-B32C-5A9AF37633DC} = {AA8D977D-8F8B-4563-A3D6-3F3837C61949}
		{64E924D1-1E1F-456E-9FE2-A63C91DB0B6C} = {AA8D977D-8F8B-4563-A3D6-3F3837C61949}
		{6C139F5E-D0D4-48E2-9B6E-DBC7D9BEDD2B} = {AA8D977D-8F8B-4563-A3D6-3F3837C61949}
		{3617C700-ED69-4040-9E7D-5D94CDB3FDE9} = {AA8D977D-8F8B-4563-A3D6-3F3837C61949}
	EndGlobalSection
	GlobalSection(ExtensibilityGlobals) = postSolution
		SolutionGuid = {16AD5F33-9DE1-44DE-B420-A386BB7F6369}
	EndGlobalSection
EndGlobal
